
Microsoft Visual Studio Solution File, Format Version 12.00
# Visual Studio Version 16
VisualStudioVersion = 16.0.29123.88
MinimumVisualStudioVersion = 10.0.40219.1
Project("{9A19103F-16F7-4668-BE54-9A1E7A4F7556}") = "Angul", "Angul\Angul.csproj", "{A2D7B459-93B4-465C-AB2D-67F17E0616E6}"
EndProject
Project("{E53339B2-1760-4266-BCC7-CA923CBCF16C}") = "docker-compose", "docker-compose.dcproj", "{1D8E40F1-8F3F-4692-A9D2-1E518621F9EE}"
EndProject
Global
	GlobalSection(SolutionConfigurationPlatforms) = preSolution
		Debug|Any CPU = Debug|Any CPU
		Release|Any CPU = Release|Any CPU
	EndGlobalSection
	GlobalSection(ProjectConfigurationPlatforms) = postSolution
		{A2D7B459-93B4-465C-AB2D-67F17E0616E6}.Debug|Any CPU.ActiveCfg = Debug|Any CPU
		{A2D7B459-93B4-465C-AB2D-67F17E0616E6}.Debug|Any CPU.Build.0 = Debug|Any CPU
		{A2D7B459-93B4-465C-AB2D-67F17E0616E6}.Release|Any CPU.ActiveCfg = Release|Any CPU
		{A2D7B459-93B4-465C-AB2D-67F17E0616E6}.Release|Any CPU.Build.0 = Release|Any CPU
		{1D8E40F1-8F3F-4692-A9D2-1E518621F9EE}.Debug|Any CPU.ActiveCfg = Debug|Any CPU
		{1D8E40F1-8F3F-4692-A9D2-1E518621F9EE}.Debug|Any CPU.Build.0 = Debug|Any CPU
		{1D8E40F1-8F3F-4692-A9D2-1E518621F9EE}.Release|Any CPU.ActiveCfg = Release|Any CPU
		{1D8E40F1-8F3F-4692-A9D2-1E518621F9EE}.Release|Any CPU.Build.0 = Release|Any CPU
	EndGlobalSection
	GlobalSection(SolutionProperties) = preSolution
		HideSolutionNode = FALSE
	EndGlobalSection
	GlobalSection(ExtensibilityGlobals) = postSolution
		SolutionGuid = {4DA2CEFC-AF7B-4214-ACA6-6964ACF0EF8A}
	EndGlobalSection
EndGlobal
